github.com/nmrshll/go-cp v0.0.0-20180115193924-61436d3b7cfa h1:/SRdH7jdcIW6WBtZO1BlpI+6TxqpOiMqLZJ10Uhk0k0=
github.com/nmrshll/go-cp v0.0.0-20180115193924-61436d3b7cfa/go.mod h1:/Uh/WFiWYXoTKVsM302U10XnogAldY7up/xErXmt1FA=
github.com/rwcarlsen/goexif v0.0.0-20190401172101-9e8deecbddbd h1:CmH9+J6ZSsIjUK3dcGsnCnO41eRBOnY12zwkn5qVwgc=
github.com/rwcarlsen/goexif v0.0.0-20190401172101-9e8deecbddbd/go.mod h1:hPqNNc0+uJM6H+SuU8sEs5K5IQeKccPqeSjfgcKGgPk=
